<?xml version="1.0" encoding="utf-8"?>
<Project ToolsVersion="4.0" xmlns="http://schemas.microsoft.com/developer/msbuild/2003">
  <ItemGroup>
    <Filter Include="Source Files">
      <UniqueIdentifier>{4FC737F1-C7A5-4376-A066-2A32D752A2FF}</UniqueIdentifier>
      <Extensions>cpp;c;cc;cxx;c++;cppm;ixx;def;odl;idl;hpj;bat;asm;asmx</Extensions>
    </Filter>
    <Filter Include="HLSL">
      <UniqueIdentifier>{326c1cd2-6f59-4128-ba7e-5ad208a564ed}</UniqueIdentifier>
    </Filter>
    <Filter Include="Worlds">
      <UniqueIdentifier>{5e709aaa-7469-48b7-9ce8-d5d93a5b86ba}</UniqueIdentifier>
    </Filter>
    <Filter Include="RTXDI">
      <UniqueIdentifier>{722c8bbd-79c8-4959-b62c-f69de209c4cf}</UniqueIdentifier>
    </Filter>
    <Filter Include="RTXDI\HLSL">
      <UniqueIdentifier>{47654515-7078-4d56-8bd9-c467bb1b0635}</UniqueIdentifier>
    </Filter>
    <Filter Include="ufbx">
      <UniqueIdentifier>{6d24651d-3a03-407a-80b7-ef9bb9ac2734}</UniqueIdentifier>
    </Filter>
  </ItemGroup>
  <ItemGroup>
    <ClCompile Include="src\main.cpp">
      <Filter>Source Files</Filter>
    </ClCompile>
    <ClCompile Include="include\rtxdi-sdk\src\ImportanceSamplingContext.cpp">
      <Filter>RTXDI</Filter>
    </ClCompile>
    <ClCompile Include="include\rtxdi-sdk\src\ReGIR.cpp">
      <Filter>RTXDI</Filter>
    </ClCompile>
    <ClCompile Include="include\rtxdi-sdk\src\ReSTIRDI.cpp">
      <Filter>RTXDI</Filter>
    </ClCompile>
    <ClCompile Include="include\rtxdi-sdk\src\ReSTIRGI.cpp">
      <Filter>RTXDI</Filter>
    </ClCompile>
    <ClCompile Include="include\rtxdi-sdk\src\RISBufferSegmentAllocator.cpp">
      <Filter>RTXDI</Filter>
    </ClCompile>
    <ClCompile Include="include\rtxdi-sdk\src\RtxdiUtils.cpp">
      <Filter>RTXDI</Filter>
    </ClCompile>
    <ClCompile Include="include\ufbx\ufbx.c">
      <Filter>ufbx</Filter>
    </ClCompile>
  </ItemGroup>
  <ItemGroup>
    <None Include="src\sharedStructs.h">
      <Filter>Source Files</Filter>
    </None>
    <None Include="packages.config" />
    <None Include=".clang-format" />
    <None Include="src\hlsl\shared.hlsli">
      <Filter>HLSL</Filter>
    </None>
    <None Include="assets\worlds\world.yaml">
      <Filter>Worlds</Filter>
    </None>
    <None Include="include\rtxdi-sdk\include\rtxdi\DIResamplingFunctions.hlsli">
      <Filter>RTXDI\HLSL</Filter>
    </None>
    <None Include="include\rtxdi-sdk\include\rtxdi\DIReservoir.hlsli">
      <Filter>RTXDI\HLSL</Filter>
    </None>
    <None Include="include\rtxdi-sdk\include\rtxdi\GIResamplingFunctions.hlsli">
      <Filter>RTXDI\HLSL</Filter>
    </None>
    <None Include="include\rtxdi-sdk\include\rtxdi\GIReservoir.hlsli">
      <Filter>RTXDI\HLSL</Filter>
    </None>
    <None Include="include\rtxdi-sdk\include\rtxdi\InitialSamplingFunctions.hlsli">
      <Filter>RTXDI\HLSL</Filter>
    </None>
    <None Include="include\rtxdi-sdk\include\rtxdi\LocalLightSelection.hlsli">
      <Filter>RTXDI\HLSL</Filter>
    </None>
    <None Include="include\rtxdi-sdk\include\rtxdi\PresamplingFunctions.hlsli">
      <Filter>RTXDI\HLSL</Filter>
    </None>
    <None Include="include\rtxdi-sdk\include\rtxdi\ReGIRSampling.hlsli">
      <Filter>RTXDI\HLSL</Filter>
    </None>
    <None Include="include\rtxdi-sdk\include\rtxdi\RISBuffer.hlsli">
      <Filter>RTXDI\HLSL</Filter>
    </None>
    <None Include="include\rtxdi-sdk\include\rtxdi\RtxdiHelpers.hlsli">
      <Filter>RTXDI\HLSL</Filter>
    </None>
    <None Include="include\rtxdi-sdk\include\rtxdi\RtxdiMath.hlsli">
      <Filter>RTXDI\HLSL</Filter>
    </None>
    <None Include="include\rtxdi-sdk\include\rtxdi\UniformSampling.hlsli">
      <Filter>RTXDI\HLSL</Filter>
    </None>
  </ItemGroup>
  <ItemGroup>
    <FxCompile Include="src\hlsl\collisionQuery.hlsl">
      <Filter>HLSL</Filter>
    </FxCompile>
    <FxCompile Include="src\hlsl\imguiPS.hlsl">
      <Filter>HLSL</Filter>
    </FxCompile>
    <FxCompile Include="src\hlsl\imguiVS.hlsl">
      <Filter>HLSL</Filter>
    </FxCompile>
    <FxCompile Include="src\hlsl\postProcessPS.hlsl">
      <Filter>HLSL</Filter>
    </FxCompile>
    <FxCompile Include="src\hlsl\postProcessVS.hlsl">
      <Filter>HLSL</Filter>
    </FxCompile>
    <FxCompile Include="src\hlsl\renderScene.hlsl">
      <Filter>HLSL</Filter>
    </FxCompile>
    <FxCompile Include="src\hlsl\vertexSkinning.hlsl">
      <Filter>HLSL</Filter>
    </FxCompile>
    <FxCompile Include="include\rtxdi-sdk\shaders\ResamplingCompileTest.hlsl">
      <Filter>RTXDI\HLSL</Filter>
    </FxCompile>
  </ItemGroup>
  <ItemGroup>
    <ClInclude Include="include\ufbx\ufbx.h">
      <Filter>ufbx</Filter>
    </ClInclude>
  </ItemGroup>
</Project>