<?xml version="1.0" encoding="utf-8"?>
<Project ToolsVersion="4.0" xmlns="http://schemas.microsoft.com/developer/msbuild/2003">
  <ItemGroup>
    <Filter Include="Source Files">
      <UniqueIdentifier>{4FC737F1-C7A5-4376-A066-2A32D752A2FF}</UniqueIdentifier>
      <Extensions>cpp;c;cc;cxx;c++;cppm;ixx;def;odl;idl;hpj;bat;asm;asmx</Extensions>
    </Filter>
    <Filter Include="Scenes">
      <UniqueIdentifier>{5c637635-952d-4737-ab6c-7d6a4610fadb}</UniqueIdentifier>
    </Filter>
    <Filter Include="HLSL">
      <UniqueIdentifier>{326c1cd2-6f59-4128-ba7e-5ad208a564ed}</UniqueIdentifier>
    </Filter>
  </ItemGroup>
  <ItemGroup>
    <ClCompile Include="src\main.cpp">
      <Filter>Source Files</Filter>
    </ClCompile>
  </ItemGroup>
  <ItemGroup>
    <None Include="src\sceneStructs.h">
      <Filter>Source Files</Filter>
    </None>
    <None Include="src\shared.hlsli">
      <Filter>HLSL</Filter>
    </None>
    <None Include="packages.config" />
    <None Include="assets\scenes\scene.yaml">
      <Filter>Scenes</Filter>
    </None>
  </ItemGroup>
  <ItemGroup>
    <FxCompile Include="src\imguiPS.hlsl">
      <Filter>HLSL</Filter>
    </FxCompile>
    <FxCompile Include="src\imguiVS.hlsl">
      <Filter>HLSL</Filter>
    </FxCompile>
    <FxCompile Include="src\renderScene.hlsl">
      <Filter>HLSL</Filter>
    </FxCompile>
    <FxCompile Include="src\postProcessPS.hlsl">
      <Filter>HLSL</Filter>
    </FxCompile>
    <FxCompile Include="src\postProcessVS.hlsl">
      <Filter>HLSL</Filter>
    </FxCompile>
    <FxCompile Include="src\collisionDetection.hlsl">
      <Filter>HLSL</Filter>
    </FxCompile>
    <FxCompile Include="src\gizmoVS.hlsl">
      <Filter>HLSL</Filter>
    </FxCompile>
    <FxCompile Include="src\gizmoPS.hlsl">
      <Filter>HLSL</Filter>
    </FxCompile>
  </ItemGroup>
</Project>